// !$*UTF8*$!
{
	archiveVersion = 1;
	classes = {
	};
	objectVersion = 51;
	objects = {

/* Begin PBXBuildFile section */
		0CE5BAC0FE100A9263E0BD0B /* Pods_ARTvel_App_ARTvel_AppUITests.framework in Frameworks */ = {isa = PBXBuildFile; fileRef = 0A942F9564975CCF65CAA6A6 /* Pods_ARTvel_App_ARTvel_AppUITests.framework */; };
		3E3A91872550A2F400C4CFF4 /* AppState.swift in Sources */ = {isa = PBXBuildFile; fileRef = 3E3A91862550A2F400C4CFF4 /* AppState.swift */; };
		3E3A91972551FD8800C4CFF4 /* DataSource.swift in Sources */ = {isa = PBXBuildFile; fileRef = 3E3A91962551FD8800C4CFF4 /* DataSource.swift */; };
		3E3A91B92554B74400C4CFF4 /* DetailRijksViewController.swift in Sources */ = {isa = PBXBuildFile; fileRef = 3E3A91B82554B74300C4CFF4 /* DetailRijksViewController.swift */; };
		3E3A91BE2554B75E00C4CFF4 /* DetailRijksView.swift in Sources */ = {isa = PBXBuildFile; fileRef = 3E3A91BD2554B75E00C4CFF4 /* DetailRijksView.swift */; };
		3E3A92062559748D00C4CFF4 /* DetailTicketMasterView.swift in Sources */ = {isa = PBXBuildFile; fileRef = 3E3A92052559748D00C4CFF4 /* DetailTicketMasterView.swift */; };
		3E3A920E255A01D200C4CFF4 /* SearchViewTM.swift in Sources */ = {isa = PBXBuildFile; fileRef = 3E3A920D255A01D200C4CFF4 /* SearchViewTM.swift */; };
		3E3A9213255B375A00C4CFF4 /* DetailTMViewController.swift in Sources */ = {isa = PBXBuildFile; fileRef = 3E3A9212255B375A00C4CFF4 /* DetailTMViewController.swift */; };
		3EE1C2F9254A26A100947C19 /* AppDelegate.swift in Sources */ = {isa = PBXBuildFile; fileRef = 3EE1C2F8254A26A100947C19 /* AppDelegate.swift */; };
		3EE1C2FB254A26A100947C19 /* SceneDelegate.swift in Sources */ = {isa = PBXBuildFile; fileRef = 3EE1C2FA254A26A100947C19 /* SceneDelegate.swift */; };
		3EE1C302254A26A300947C19 /* Assets.xcassets in Resources */ = {isa = PBXBuildFile; fileRef = 3EE1C301254A26A300947C19 /* Assets.xcassets */; };
		3EE1C305254A26A300947C19 /* LaunchScreen.storyboard in Resources */ = {isa = PBXBuildFile; fileRef = 3EE1C303254A26A300947C19 /* LaunchScreen.storyboard */; };
		3EE1C310254A26A300947C19 /* ARTvel_AppTests.swift in Sources */ = {isa = PBXBuildFile; fileRef = 3EE1C30F254A26A300947C19 /* ARTvel_AppTests.swift */; };
		3EE1C31B254A26A300947C19 /* ARTvel_AppUITests.swift in Sources */ = {isa = PBXBuildFile; fileRef = 3EE1C31A254A26A300947C19 /* ARTvel_AppUITests.swift */; };
		3EE1C32F254A280D00947C19 /* GoogleService-Info.plist in Resources */ = {isa = PBXBuildFile; fileRef = 3EE1C32E254A280D00947C19 /* GoogleService-Info.plist */; };
		3EE1C357254A2B8800947C19 /* FavoritesViewController.swift in Sources */ = {isa = PBXBuildFile; fileRef = 3EE1C356254A2B8800947C19 /* FavoritesViewController.swift */; };
		3EE1C35C254A2BAE00947C19 /* LoginViewController.swift in Sources */ = {isa = PBXBuildFile; fileRef = 3EE1C35B254A2BAE00947C19 /* LoginViewController.swift */; };
		3EE1C361254A2C2200947C19 /* MainTabBarController.swift in Sources */ = {isa = PBXBuildFile; fileRef = 3EE1C360254A2C2200947C19 /* MainTabBarController.swift */; };
		3EE1C366254A2C4400947C19 /* SearchViewController.swift in Sources */ = {isa = PBXBuildFile; fileRef = 3EE1C365254A2C4400947C19 /* SearchViewController.swift */; };
		3EE1C36B254A2C5F00947C19 /* SettingsViewController.swift in Sources */ = {isa = PBXBuildFile; fileRef = 3EE1C36A254A2C5F00947C19 /* SettingsViewController.swift */; };
		3EE1C370254A2C7700947C19 /* UserExperienceViewController.swift in Sources */ = {isa = PBXBuildFile; fileRef = 3EE1C36F254A2C7700947C19 /* UserExperienceViewController.swift */; };
		3EE1C376254A2CC300947C19 /* Date+Extensions.swift in Sources */ = {isa = PBXBuildFile; fileRef = 3EE1C375254A2CC300947C19 /* Date+Extensions.swift */; };
		3EE1C37B254A2CE100947C19 /* UIViewController+Alerts.swift in Sources */ = {isa = PBXBuildFile; fileRef = 3EE1C37A254A2CE100947C19 /* UIViewController+Alerts.swift */; };
		3EE1C380254A2CFD00947C19 /* UIViewController+Navigation.swift in Sources */ = {isa = PBXBuildFile; fileRef = 3EE1C37F254A2CFD00947C19 /* UIViewController+Navigation.swift */; };
		3EE1C38B254A2E5A00947C19 /* ArtObject.swift in Sources */ = {isa = PBXBuildFile; fileRef = 3EE1C38A254A2E5A00947C19 /* ArtObject.swift */; };
		3EE1C390254A2E6400947C19 /* User.swift in Sources */ = {isa = PBXBuildFile; fileRef = 3EE1C38F254A2E6400947C19 /* User.swift */; };
		3EE1C395254A2E7500947C19 /* Event.swift in Sources */ = {isa = PBXBuildFile; fileRef = 3EE1C394254A2E7500947C19 /* Event.swift */; };
		3EE1C39A254A2E9800947C19 /* AppError.swift in Sources */ = {isa = PBXBuildFile; fileRef = 3EE1C399254A2E9800947C19 /* AppError.swift */; };
		3EE1C39F254A2EAE00947C19 /* NetworkHelper.swift in Sources */ = {isa = PBXBuildFile; fileRef = 3EE1C39E254A2EAE00947C19 /* NetworkHelper.swift */; };
		3EE1C3A4254A2ED600947C19 /* RijksAPIClient.swift in Sources */ = {isa = PBXBuildFile; fileRef = 3EE1C3A3254A2ED600947C19 /* RijksAPIClient.swift */; };
		3EE1C3A9254A2EF700947C19 /* TicketMasterAPIClient.swift in Sources */ = {isa = PBXBuildFile; fileRef = 3EE1C3A8254A2EF700947C19 /* TicketMasterAPIClient.swift */; };
		3EE1C3AE254A2F1800947C19 /* AuthSession.swift in Sources */ = {isa = PBXBuildFile; fileRef = 3EE1C3AD254A2F1800947C19 /* AuthSession.swift */; };
		3EE1C3B3254A2F3000947C19 /* DatabaseService.swift in Sources */ = {isa = PBXBuildFile; fileRef = 3EE1C3B2254A2F3000947C19 /* DatabaseService.swift */; };
		3EE1C3B8254A2F4700947C19 /* StorageService.swift in Sources */ = {isa = PBXBuildFile; fileRef = 3EE1C3B7254A2F4700947C19 /* StorageService.swift */; };
		3EE1C3BD254A2F6900947C19 /* Secrets.swift in Sources */ = {isa = PBXBuildFile; fileRef = 3EE1C3BC254A2F6900947C19 /* Secrets.swift */; };
		3EE1C3C2254B29DB00947C19 /* FavoritesView.swift in Sources */ = {isa = PBXBuildFile; fileRef = 3EE1C3C1254B29DB00947C19 /* FavoritesView.swift */; };
		3EE1C3C7254B29E700947C19 /* LoginView.swift in Sources */ = {isa = PBXBuildFile; fileRef = 3EE1C3C6254B29E700947C19 /* LoginView.swift */; };
		3EE1C3CC254B29F600947C19 /* MainTabBarView.swift in Sources */ = {isa = PBXBuildFile; fileRef = 3EE1C3CB254B29F600947C19 /* MainTabBarView.swift */; };
		3EE1C3D1254B2A0200947C19 /* SettingsView.swift in Sources */ = {isa = PBXBuildFile; fileRef = 3EE1C3D0254B2A0200947C19 /* SettingsView.swift */; };
		3EE1C3D6254B2A1600947C19 /* TicketMasterCell.swift in Sources */ = {isa = PBXBuildFile; fileRef = 3EE1C3D5254B2A1600947C19 /* TicketMasterCell.swift */; };
		3EE1C3DB254B2A2A00947C19 /* UserExperienceView.swift in Sources */ = {isa = PBXBuildFile; fileRef = 3EE1C3DA254B2A2A00947C19 /* UserExperienceView.swift */; };
		3EE1C3E0254B2A3E00947C19 /* SearchViewRijks.swift in Sources */ = {isa = PBXBuildFile; fileRef = 3EE1C3DF254B2A3E00947C19 /* SearchViewRijks.swift */; };
		3EE1C3E5254B2A5B00947C19 /* RijksCell.swift in Sources */ = {isa = PBXBuildFile; fileRef = 3EE1C3E4254B2A5B00947C19 /* RijksCell.swift */; };
		63B902F1C5663D5740C6FA7F /* Pods_ARTvel_App.framework in Frameworks */ = {isa = PBXBuildFile; fileRef = F1E41D1EEBA5F1990E51A355 /* Pods_ARTvel_App.framework */; };
		805554FA42030D8CCA280FE4 /* Pods_ARTvel_AppTests.framework in Frameworks */ = {isa = PBXBuildFile; fileRef = BC5DE43B4F5F732068AB65AD /* Pods_ARTvel_AppTests.framework */; };
/* End PBXBuildFile section */

/* Begin PBXContainerItemProxy section */
		3EE1C30C254A26A300947C19 /* PBXContainerItemProxy */ = {
			isa = PBXContainerItemProxy;
			containerPortal = 3EE1C2ED254A26A100947C19 /* Project object */;
			proxyType = 1;
			remoteGlobalIDString = 3EE1C2F4254A26A100947C19;
			remoteInfo = "ARTvel-App";
		};
		3EE1C317254A26A300947C19 /* PBXContainerItemProxy */ = {
			isa = PBXContainerItemProxy;
			containerPortal = 3EE1C2ED254A26A100947C19 /* Project object */;
			proxyType = 1;
			remoteGlobalIDString = 3EE1C2F4254A26A100947C19;
			remoteInfo = "ARTvel-App";
		};
/* End PBXContainerItemProxy section */

/* Begin PBXFileReference section */
		01B25B1566323499A71F01F1 /* Pods-ARTvel-AppTests.release.xcconfig */ = {isa = PBXFileReference; includeInIndex = 1; lastKnownFileType = text.xcconfig; name = "Pods-ARTvel-AppTests.release.xcconfig"; path = "Target Support Files/Pods-ARTvel-AppTests/Pods-ARTvel-AppTests.release.xcconfig"; sourceTree = "<group>"; };
		0A942F9564975CCF65CAA6A6 /* Pods_ARTvel_App_ARTvel_AppUITests.framework */ = {isa = PBXFileReference; explicitFileType = wrapper.framework; includeInIndex = 0; path = Pods_ARTvel_App_ARTvel_AppUITests.framework; sourceTree = BUILT_PRODUCTS_DIR; };
		2A0FC0C09E83996AFC6A3182 /* Pods-ARTvel-App.release.xcconfig */ = {isa = PBXFileReference; includeInIndex = 1; lastKnownFileType = text.xcconfig; name = "Pods-ARTvel-App.release.xcconfig"; path = "Target Support Files/Pods-ARTvel-App/Pods-ARTvel-App.release.xcconfig"; sourceTree = "<group>"; };
		3E3A91862550A2F400C4CFF4 /* AppState.swift */ = {isa = PBXFileReference; lastKnownFileType = sourcecode.swift; path = AppState.swift; sourceTree = "<group>"; };
		3E3A91962551FD8800C4CFF4 /* DataSource.swift */ = {isa = PBXFileReference; lastKnownFileType = sourcecode.swift; path = DataSource.swift; sourceTree = "<group>"; };
		3E3A91B82554B74300C4CFF4 /* DetailRijksViewController.swift */ = {isa = PBXFileReference; lastKnownFileType = sourcecode.swift; path = DetailRijksViewController.swift; sourceTree = "<group>"; };
		3E3A91BD2554B75E00C4CFF4 /* DetailRijksView.swift */ = {isa = PBXFileReference; lastKnownFileType = sourcecode.swift; path = DetailRijksView.swift; sourceTree = "<group>"; };
		3E3A92052559748D00C4CFF4 /* DetailTicketMasterView.swift */ = {isa = PBXFileReference; lastKnownFileType = sourcecode.swift; path = DetailTicketMasterView.swift; sourceTree = "<group>"; };
		3E3A920D255A01D200C4CFF4 /* SearchViewTM.swift */ = {isa = PBXFileReference; lastKnownFileType = sourcecode.swift; path = SearchViewTM.swift; sourceTree = "<group>"; };
		3E3A9212255B375A00C4CFF4 /* DetailTMViewController.swift */ = {isa = PBXFileReference; lastKnownFileType = sourcecode.swift; path = DetailTMViewController.swift; sourceTree = "<group>"; };
		3EE1C2F5254A26A100947C19 /* ARTvel-App.app */ = {isa = PBXFileReference; explicitFileType = wrapper.application; includeInIndex = 0; path = "ARTvel-App.app"; sourceTree = BUILT_PRODUCTS_DIR; };
		3EE1C2F8254A26A100947C19 /* AppDelegate.swift */ = {isa = PBXFileReference; lastKnownFileType = sourcecode.swift; path = AppDelegate.swift; sourceTree = "<group>"; };
		3EE1C2FA254A26A100947C19 /* SceneDelegate.swift */ = {isa = PBXFileReference; lastKnownFileType = sourcecode.swift; path = SceneDelegate.swift; sourceTree = "<group>"; };
		3EE1C301254A26A300947C19 /* Assets.xcassets */ = {isa = PBXFileReference; lastKnownFileType = folder.assetcatalog; path = Assets.xcassets; sourceTree = "<group>"; };
		3EE1C304254A26A300947C19 /* Base */ = {isa = PBXFileReference; lastKnownFileType = file.storyboard; name = Base; path = Base.lproj/LaunchScreen.storyboard; sourceTree = "<group>"; };
		3EE1C306254A26A300947C19 /* Info.plist */ = {isa = PBXFileReference; lastKnownFileType = text.plist.xml; path = Info.plist; sourceTree = "<group>"; };
		3EE1C30B254A26A300947C19 /* ARTvel-AppTests.xctest */ = {isa = PBXFileReference; explicitFileType = wrapper.cfbundle; includeInIndex = 0; path = "ARTvel-AppTests.xctest"; sourceTree = BUILT_PRODUCTS_DIR; };
		3EE1C30F254A26A300947C19 /* ARTvel_AppTests.swift */ = {isa = PBXFileReference; lastKnownFileType = sourcecode.swift; path = ARTvel_AppTests.swift; sourceTree = "<group>"; };
		3EE1C311254A26A300947C19 /* Info.plist */ = {isa = PBXFileReference; lastKnownFileType = text.plist.xml; path = Info.plist; sourceTree = "<group>"; };
		3EE1C316254A26A300947C19 /* ARTvel-AppUITests.xctest */ = {isa = PBXFileReference; explicitFileType = wrapper.cfbundle; includeInIndex = 0; path = "ARTvel-AppUITests.xctest"; sourceTree = BUILT_PRODUCTS_DIR; };
		3EE1C31A254A26A300947C19 /* ARTvel_AppUITests.swift */ = {isa = PBXFileReference; lastKnownFileType = sourcecode.swift; path = ARTvel_AppUITests.swift; sourceTree = "<group>"; };
		3EE1C31C254A26A300947C19 /* Info.plist */ = {isa = PBXFileReference; lastKnownFileType = text.plist.xml; path = Info.plist; sourceTree = "<group>"; };
		3EE1C32E254A280D00947C19 /* GoogleService-Info.plist */ = {isa = PBXFileReference; fileEncoding = 4; lastKnownFileType = text.plist.xml; path = "GoogleService-Info.plist"; sourceTree = "<group>"; };
		3EE1C356254A2B8800947C19 /* FavoritesViewController.swift */ = {isa = PBXFileReference; lastKnownFileType = sourcecode.swift; path = FavoritesViewController.swift; sourceTree = "<group>"; };
		3EE1C35B254A2BAE00947C19 /* LoginViewController.swift */ = {isa = PBXFileReference; lastKnownFileType = sourcecode.swift; path = LoginViewController.swift; sourceTree = "<group>"; };
		3EE1C360254A2C2200947C19 /* MainTabBarController.swift */ = {isa = PBXFileReference; lastKnownFileType = sourcecode.swift; path = MainTabBarController.swift; sourceTree = "<group>"; };
		3EE1C365254A2C4400947C19 /* SearchViewController.swift */ = {isa = PBXFileReference; lastKnownFileType = sourcecode.swift; path = SearchViewController.swift; sourceTree = "<group>"; };
		3EE1C36A254A2C5F00947C19 /* SettingsViewController.swift */ = {isa = PBXFileReference; lastKnownFileType = sourcecode.swift; path = SettingsViewController.swift; sourceTree = "<group>"; };
		3EE1C36F254A2C7700947C19 /* UserExperienceViewController.swift */ = {isa = PBXFileReference; lastKnownFileType = sourcecode.swift; path = UserExperienceViewController.swift; sourceTree = "<group>"; };
		3EE1C375254A2CC300947C19 /* Date+Extensions.swift */ = {isa = PBXFileReference; lastKnownFileType = sourcecode.swift; path = "Date+Extensions.swift"; sourceTree = "<group>"; };
		3EE1C37A254A2CE100947C19 /* UIViewController+Alerts.swift */ = {isa = PBXFileReference; lastKnownFileType = sourcecode.swift; path = "UIViewController+Alerts.swift"; sourceTree = "<group>"; };
		3EE1C37F254A2CFD00947C19 /* UIViewController+Navigation.swift */ = {isa = PBXFileReference; lastKnownFileType = sourcecode.swift; path = "UIViewController+Navigation.swift"; sourceTree = "<group>"; };
		3EE1C38A254A2E5A00947C19 /* ArtObject.swift */ = {isa = PBXFileReference; lastKnownFileType = sourcecode.swift; path = ArtObject.swift; sourceTree = "<group>"; };
		3EE1C38F254A2E6400947C19 /* User.swift */ = {isa = PBXFileReference; lastKnownFileType = sourcecode.swift; path = User.swift; sourceTree = "<group>"; };
		3EE1C394254A2E7500947C19 /* Event.swift */ = {isa = PBXFileReference; lastKnownFileType = sourcecode.swift; path = Event.swift; sourceTree = "<group>"; };
		3EE1C399254A2E9800947C19 /* AppError.swift */ = {isa = PBXFileReference; lastKnownFileType = sourcecode.swift; path = AppError.swift; sourceTree = "<group>"; };
		3EE1C39E254A2EAE00947C19 /* NetworkHelper.swift */ = {isa = PBXFileReference; lastKnownFileType = sourcecode.swift; path = NetworkHelper.swift; sourceTree = "<group>"; };
		3EE1C3A3254A2ED600947C19 /* RijksAPIClient.swift */ = {isa = PBXFileReference; lastKnownFileType = sourcecode.swift; path = RijksAPIClient.swift; sourceTree = "<group>"; };
		3EE1C3A8254A2EF700947C19 /* TicketMasterAPIClient.swift */ = {isa = PBXFileReference; lastKnownFileType = sourcecode.swift; path = TicketMasterAPIClient.swift; sourceTree = "<group>"; };
		3EE1C3AD254A2F1800947C19 /* AuthSession.swift */ = {isa = PBXFileReference; lastKnownFileType = sourcecode.swift; path = AuthSession.swift; sourceTree = "<group>"; };
		3EE1C3B2254A2F3000947C19 /* DatabaseService.swift */ = {isa = PBXFileReference; lastKnownFileType = sourcecode.swift; path = DatabaseService.swift; sourceTree = "<group>"; };
		3EE1C3B7254A2F4700947C19 /* StorageService.swift */ = {isa = PBXFileReference; lastKnownFileType = sourcecode.swift; path = StorageService.swift; sourceTree = "<group>"; };
		3EE1C3BC254A2F6900947C19 /* Secrets.swift */ = {isa = PBXFileReference; lastKnownFileType = sourcecode.swift; path = Secrets.swift; sourceTree = "<group>"; };
		3EE1C3C1254B29DB00947C19 /* FavoritesView.swift */ = {isa = PBXFileReference; lastKnownFileType = sourcecode.swift; path = FavoritesView.swift; sourceTree = "<group>"; };
		3EE1C3C6254B29E700947C19 /* LoginView.swift */ = {isa = PBXFileReference; lastKnownFileType = sourcecode.swift; path = LoginView.swift; sourceTree = "<group>"; };
		3EE1C3CB254B29F600947C19 /* MainTabBarView.swift */ = {isa = PBXFileReference; lastKnownFileType = sourcecode.swift; path = MainTabBarView.swift; sourceTree = "<group>"; };
		3EE1C3D0254B2A0200947C19 /* SettingsView.swift */ = {isa = PBXFileReference; lastKnownFileType = sourcecode.swift; path = SettingsView.swift; sourceTree = "<group>"; };
		3EE1C3D5254B2A1600947C19 /* TicketMasterCell.swift */ = {isa = PBXFileReference; lastKnownFileType = sourcecode.swift; path = TicketMasterCell.swift; sourceTree = "<group>"; };
		3EE1C3DA254B2A2A00947C19 /* UserExperienceView.swift */ = {isa = PBXFileReference; lastKnownFileType = sourcecode.swift; path = UserExperienceView.swift; sourceTree = "<group>"; };
		3EE1C3DF254B2A3E00947C19 /* SearchViewRijks.swift */ = {isa = PBXFileReference; lastKnownFileType = sourcecode.swift; path = SearchViewRijks.swift; sourceTree = "<group>"; };
		3EE1C3E4254B2A5B00947C19 /* RijksCell.swift */ = {isa = PBXFileReference; lastKnownFileType = sourcecode.swift; path = RijksCell.swift; sourceTree = "<group>"; };
		8746309405EA317F4A017523 /* Pods-ARTvel-App.debug.xcconfig */ = {isa = PBXFileReference; includeInIndex = 1; lastKnownFileType = text.xcconfig; name = "Pods-ARTvel-App.debug.xcconfig"; path = "Target Support Files/Pods-ARTvel-App/Pods-ARTvel-App.debug.xcconfig"; sourceTree = "<group>"; };
		8C53B4F6BBB9590EB4646F34 /* Pods-ARTvel-AppTests.debug.xcconfig */ = {isa = PBXFileReference; includeInIndex = 1; lastKnownFileType = text.xcconfig; name = "Pods-ARTvel-AppTests.debug.xcconfig"; path = "Target Support Files/Pods-ARTvel-AppTests/Pods-ARTvel-AppTests.debug.xcconfig"; sourceTree = "<group>"; };
		9012EE7483F1E44FC495FB0E /* Pods-ARTvel-App-ARTvel-AppUITests.release.xcconfig */ = {isa = PBXFileReference; includeInIndex = 1; lastKnownFileType = text.xcconfig; name = "Pods-ARTvel-App-ARTvel-AppUITests.release.xcconfig"; path = "Target Support Files/Pods-ARTvel-App-ARTvel-AppUITests/Pods-ARTvel-App-ARTvel-AppUITests.release.xcconfig"; sourceTree = "<group>"; };
		BC5DE43B4F5F732068AB65AD /* Pods_ARTvel_AppTests.framework */ = {isa = PBXFileReference; explicitFileType = wrapper.framework; includeInIndex = 0; path = Pods_ARTvel_AppTests.framework; sourceTree = BUILT_PRODUCTS_DIR; };
		BE3C5B0C5D6833C7D559F50C /* Pods-ARTvel-App-ARTvel-AppUITests.debug.xcconfig */ = {isa = PBXFileReference; includeInIndex = 1; lastKnownFileType = text.xcconfig; name = "Pods-ARTvel-App-ARTvel-AppUITests.debug.xcconfig"; path = "Target Support Files/Pods-ARTvel-App-ARTvel-AppUITests/Pods-ARTvel-App-ARTvel-AppUITests.debug.xcconfig"; sourceTree = "<group>"; };
		F1E41D1EEBA5F1990E51A355 /* Pods_ARTvel_App.framework */ = {isa = PBXFileReference; explicitFileType = wrapper.framework; includeInIndex = 0; path = Pods_ARTvel_App.framework; sourceTree = BUILT_PRODUCTS_DIR; };
/* End PBXFileReference section */

/* Begin PBXFrameworksBuildPhase section */
		3EE1C2F2254A26A100947C19 /* Frameworks */ = {
			isa = PBXFrameworksBuildPhase;
			buildActionMask = 2147483647;
			files = (
				63B902F1C5663D5740C6FA7F /* Pods_ARTvel_App.framework in Frameworks */,
			);
			runOnlyForDeploymentPostprocessing = 0;
		};
		3EE1C308254A26A300947C19 /* Frameworks */ = {
			isa = PBXFrameworksBuildPhase;
			buildActionMask = 2147483647;
			files = (
				805554FA42030D8CCA280FE4 /* Pods_ARTvel_AppTests.framework in Frameworks */,
			);
			runOnlyForDeploymentPostprocessing = 0;
		};
		3EE1C313254A26A300947C19 /* Frameworks */ = {
			isa = PBXFrameworksBuildPhase;
			buildActionMask = 2147483647;
			files = (
				0CE5BAC0FE100A9263E0BD0B /* Pods_ARTvel_App_ARTvel_AppUITests.framework in Frameworks */,
			);
			runOnlyForDeploymentPostprocessing = 0;
		};
/* End PBXFrameworksBuildPhase section */

/* Begin PBXGroup section */
		22F3A28C781CFF99ED7C8455 /* Pods */ = {
			isa = PBXGroup;
			children = (
				8746309405EA317F4A017523 /* Pods-ARTvel-App.debug.xcconfig */,
				2A0FC0C09E83996AFC6A3182 /* Pods-ARTvel-App.release.xcconfig */,
				BE3C5B0C5D6833C7D559F50C /* Pods-ARTvel-App-ARTvel-AppUITests.debug.xcconfig */,
				9012EE7483F1E44FC495FB0E /* Pods-ARTvel-App-ARTvel-AppUITests.release.xcconfig */,
				8C53B4F6BBB9590EB4646F34 /* Pods-ARTvel-AppTests.debug.xcconfig */,
				01B25B1566323499A71F01F1 /* Pods-ARTvel-AppTests.release.xcconfig */,
			);
			path = Pods;
			sourceTree = "<group>";
		};
		3EE1C2EC254A26A100947C19 = {
			isa = PBXGroup;
			children = (
				3EE1C2F7254A26A100947C19 /* ARTvel-App */,
				3EE1C30E254A26A300947C19 /* ARTvel-AppTests */,
				3EE1C319254A26A300947C19 /* ARTvel-AppUITests */,
				3EE1C2F6254A26A100947C19 /* Products */,
				22F3A28C781CFF99ED7C8455 /* Pods */,
				8EE7B88D2B6AACE281B9FF81 /* Frameworks */,
			);
			sourceTree = "<group>";
		};
		3EE1C2F6254A26A100947C19 /* Products */ = {
			isa = PBXGroup;
			children = (
				3EE1C2F5254A26A100947C19 /* ARTvel-App.app */,
				3EE1C30B254A26A300947C19 /* ARTvel-AppTests.xctest */,
				3EE1C316254A26A300947C19 /* ARTvel-AppUITests.xctest */,
			);
			name = Products;
			sourceTree = "<group>";
		};
		3EE1C2F7254A26A100947C19 /* ARTvel-App */ = {
			isa = PBXGroup;
			children = (
				3EE1C389254A2E3800947C19 /* Views */,
				3EE1C388254A2E2400947C19 /* SupportingFiles */,
				3EE1C387254A2E1C00947C19 /* Secrets */,
				3EE1C386254A2E0300947C19 /* NetworkServices */,
				3EE1C385254A2DF100947C19 /* FirebaseServices */,
				3EE1C384254A2DEA00947C19 /* Models */,
				3EE1C374254A2C8B00947C19 /* Extensions */,
				3EE1C352254A2B2600947C19 /* Controllers */,
				3EE1C306254A26A300947C19 /* Info.plist */,
				3EE1C32E254A280D00947C19 /* GoogleService-Info.plist */,
			);
			path = "ARTvel-App";
			sourceTree = "<group>";
		};
		3EE1C30E254A26A300947C19 /* ARTvel-AppTests */ = {
			isa = PBXGroup;
			children = (
				3EE1C30F254A26A300947C19 /* ARTvel_AppTests.swift */,
				3EE1C311254A26A300947C19 /* Info.plist */,
			);
			path = "ARTvel-AppTests";
			sourceTree = "<group>";
		};
		3EE1C319254A26A300947C19 /* ARTvel-AppUITests */ = {
			isa = PBXGroup;
			children = (
				3EE1C31A254A26A300947C19 /* ARTvel_AppUITests.swift */,
				3EE1C31C254A26A300947C19 /* Info.plist */,
			);
			path = "ARTvel-AppUITests";
			sourceTree = "<group>";
		};
		3EE1C352254A2B2600947C19 /* Controllers */ = {
			isa = PBXGroup;
			children = (
				3EE1C356254A2B8800947C19 /* FavoritesViewController.swift */,
				3EE1C35B254A2BAE00947C19 /* LoginViewController.swift */,
				3EE1C360254A2C2200947C19 /* MainTabBarController.swift */,
				3EE1C365254A2C4400947C19 /* SearchViewController.swift */,
				3EE1C36A254A2C5F00947C19 /* SettingsViewController.swift */,
				3EE1C36F254A2C7700947C19 /* UserExperienceViewController.swift */,
				3E3A91B82554B74300C4CFF4 /* DetailRijksViewController.swift */,
				3E3A9212255B375A00C4CFF4 /* DetailTMViewController.swift */,
			);
			path = Controllers;
			sourceTree = "<group>";
		};
		3EE1C374254A2C8B00947C19 /* Extensions */ = {
			isa = PBXGroup;
			children = (
				3EE1C375254A2CC300947C19 /* Date+Extensions.swift */,
				3EE1C37A254A2CE100947C19 /* UIViewController+Alerts.swift */,
				3EE1C37F254A2CFD00947C19 /* UIViewController+Navigation.swift */,
			);
			path = Extensions;
			sourceTree = "<group>";
		};
		3EE1C384254A2DEA00947C19 /* Models */ = {
			isa = PBXGroup;
			children = (
				3EE1C38A254A2E5A00947C19 /* ArtObject.swift */,
				3EE1C394254A2E7500947C19 /* Event.swift */,
				3EE1C38F254A2E6400947C19 /* User.swift */,
				3E3A91862550A2F400C4CFF4 /* AppState.swift */,
			);
			path = Models;
			sourceTree = "<group>";
		};
		3EE1C385254A2DF100947C19 /* FirebaseServices */ = {
			isa = PBXGroup;
			children = (
				3EE1C3AD254A2F1800947C19 /* AuthSession.swift */,
				3EE1C3B2254A2F3000947C19 /* DatabaseService.swift */,
				3EE1C3B7254A2F4700947C19 /* StorageService.swift */,
			);
			path = FirebaseServices;
			sourceTree = "<group>";
		};
		3EE1C386254A2E0300947C19 /* NetworkServices */ = {
			isa = PBXGroup;
			children = (
				3EE1C399254A2E9800947C19 /* AppError.swift */,
				3EE1C39E254A2EAE00947C19 /* NetworkHelper.swift */,
				3EE1C3A3254A2ED600947C19 /* RijksAPIClient.swift */,
				3EE1C3A8254A2EF700947C19 /* TicketMasterAPIClient.swift */,
			);
			path = NetworkServices;
			sourceTree = "<group>";
		};
		3EE1C387254A2E1C00947C19 /* Secrets */ = {
			isa = PBXGroup;
			children = (
				3EE1C3BC254A2F6900947C19 /* Secrets.swift */,
			);
			path = Secrets;
			sourceTree = "<group>";
		};
		3EE1C388254A2E2400947C19 /* SupportingFiles */ = {
			isa = PBXGroup;
			children = (
				3EE1C2F8254A26A100947C19 /* AppDelegate.swift */,
				3EE1C2FA254A26A100947C19 /* SceneDelegate.swift */,
				3EE1C301254A26A300947C19 /* Assets.xcassets */,
				3EE1C303254A26A300947C19 /* LaunchScreen.storyboard */,
				3E3A91962551FD8800C4CFF4 /* DataSource.swift */,
			);
			path = SupportingFiles;
			sourceTree = "<group>";
		};
		3EE1C389254A2E3800947C19 /* Views */ = {
			isa = PBXGroup;
			children = (
				3EE1C3C1254B29DB00947C19 /* FavoritesView.swift */,
				3EE1C3C6254B29E700947C19 /* LoginView.swift */,
				3EE1C3CB254B29F600947C19 /* MainTabBarView.swift */,
				3EE1C3D0254B2A0200947C19 /* SettingsView.swift */,
				3EE1C3DA254B2A2A00947C19 /* UserExperienceView.swift */,
				3EE1C3DF254B2A3E00947C19 /* SearchViewRijks.swift */,
				3EE1C3E4254B2A5B00947C19 /* RijksCell.swift */,
				3E3A91BD2554B75E00C4CFF4 /* DetailRijksView.swift */,
				3E3A920D255A01D200C4CFF4 /* SearchViewTM.swift */,
				3EE1C3D5254B2A1600947C19 /* TicketMasterCell.swift */,
				3E3A92052559748D00C4CFF4 /* DetailTicketMasterView.swift */,
			);
			path = Views;
			sourceTree = "<group>";
		};
		8EE7B88D2B6AACE281B9FF81 /* Frameworks */ = {
			isa = PBXGroup;
			children = (
				F1E41D1EEBA5F1990E51A355 /* Pods_ARTvel_App.framework */,
				0A942F9564975CCF65CAA6A6 /* Pods_ARTvel_App_ARTvel_AppUITests.framework */,
				BC5DE43B4F5F732068AB65AD /* Pods_ARTvel_AppTests.framework */,
			);
			name = Frameworks;
			sourceTree = "<group>";
		};
/* End PBXGroup section */

/* Begin PBXNativeTarget section */
		3EE1C2F4254A26A100947C19 /* ARTvel-App */ = {
			isa = PBXNativeTarget;
			buildConfigurationList = 3EE1C31F254A26A300947C19 /* Build configuration list for PBXNativeTarget "ARTvel-App" */;
			buildPhases = (
				3A66E99F0E17CAC7BB513D08 /* [CP] Check Pods Manifest.lock */,
				3EE1C2F1254A26A100947C19 /* Sources */,
				3EE1C2F2254A26A100947C19 /* Frameworks */,
				3EE1C2F3254A26A100947C19 /* Resources */,
				54610C22A180F48796018CD1 /* [CP] Embed Pods Frameworks */,
			);
			buildRules = (
			);
			dependencies = (
			);
			name = "ARTvel-App";
			productName = "ARTvel-App";
			productReference = 3EE1C2F5254A26A100947C19 /* ARTvel-App.app */;
			productType = "com.apple.product-type.application";
		};
		3EE1C30A254A26A300947C19 /* ARTvel-AppTests */ = {
			isa = PBXNativeTarget;
			buildConfigurationList = 3EE1C322254A26A300947C19 /* Build configuration list for PBXNativeTarget "ARTvel-AppTests" */;
			buildPhases = (
				DC3353DD906F7B79F13B744C /* [CP] Check Pods Manifest.lock */,
				3EE1C307254A26A300947C19 /* Sources */,
				3EE1C308254A26A300947C19 /* Frameworks */,
				3EE1C309254A26A300947C19 /* Resources */,
			);
			buildRules = (
			);
			dependencies = (
				3EE1C30D254A26A300947C19 /* PBXTargetDependency */,
			);
			name = "ARTvel-AppTests";
			productName = "ARTvel-AppTests";
			productReference = 3EE1C30B254A26A300947C19 /* ARTvel-AppTests.xctest */;
			productType = "com.apple.product-type.bundle.unit-test";
		};
		3EE1C315254A26A300947C19 /* ARTvel-AppUITests */ = {
			isa = PBXNativeTarget;
			buildConfigurationList = 3EE1C325254A26A300947C19 /* Build configuration list for PBXNativeTarget "ARTvel-AppUITests" */;
			buildPhases = (
				715CB49D8FE96923B9A22FDF /* [CP] Check Pods Manifest.lock */,
				3EE1C312254A26A300947C19 /* Sources */,
				3EE1C313254A26A300947C19 /* Frameworks */,
				3EE1C314254A26A300947C19 /* Resources */,
				BF51F08844393E1F4EFEEF9F /* [CP] Embed Pods Frameworks */,
			);
			buildRules = (
			);
			dependencies = (
				3EE1C318254A26A300947C19 /* PBXTargetDependency */,
			);
			name = "ARTvel-AppUITests";
			productName = "ARTvel-AppUITests";
			productReference = 3EE1C316254A26A300947C19 /* ARTvel-AppUITests.xctest */;
			productType = "com.apple.product-type.bundle.ui-testing";
		};
/* End PBXNativeTarget section */

/* Begin PBXProject section */
		3EE1C2ED254A26A100947C19 /* Project object */ = {
			isa = PBXProject;
			attributes = {
				LastSwiftUpdateCheck = 1210;
				LastUpgradeCheck = 1210;
				TargetAttributes = {
					3EE1C2F4254A26A100947C19 = {
						CreatedOnToolsVersion = 12.1;
					};
					3EE1C30A254A26A300947C19 = {
						CreatedOnToolsVersion = 12.1;
						TestTargetID = 3EE1C2F4254A26A100947C19;
					};
					3EE1C315254A26A300947C19 = {
						CreatedOnToolsVersion = 12.1;
						TestTargetID = 3EE1C2F4254A26A100947C19;
					};
				};
			};
			buildConfigurationList = 3EE1C2F0254A26A100947C19 /* Build configuration list for PBXProject "ARTvel-App" */;
			compatibilityVersion = "Xcode 9.3";
			developmentRegion = en;
			hasScannedForEncodings = 0;
			knownRegions = (
				en,
				Base,
			);
			mainGroup = 3EE1C2EC254A26A100947C19;
			productRefGroup = 3EE1C2F6254A26A100947C19 /* Products */;
			projectDirPath = "";
			projectRoot = "";
			targets = (
				3EE1C2F4254A26A100947C19 /* ARTvel-App */,
				3EE1C30A254A26A300947C19 /* ARTvel-AppTests */,
				3EE1C315254A26A300947C19 /* ARTvel-AppUITests */,
			);
		};
/* End PBXProject section */

/* Begin PBXResourcesBuildPhase section */
		3EE1C2F3254A26A100947C19 /* Resources */ = {
			isa = PBXResourcesBuildPhase;
			buildActionMask = 2147483647;
			files = (
				3EE1C305254A26A300947C19 /* LaunchScreen.storyboard in Resources */,
				3EE1C302254A26A300947C19 /* Assets.xcassets in Resources */,
				3EE1C32F254A280D00947C19 /* GoogleService-Info.plist in Resources */,
			);
			runOnlyForDeploymentPostprocessing = 0;
		};
		3EE1C309254A26A300947C19 /* Resources */ = {
			isa = PBXResourcesBuildPhase;
			buildActionMask = 2147483647;
			files = (
			);
			runOnlyForDeploymentPostprocessing = 0;
		};
		3EE1C314254A26A300947C19 /* Resources */ = {
			isa = PBXResourcesBuildPhase;
			buildActionMask = 2147483647;
			files = (
			);
			runOnlyForDeploymentPostprocessing = 0;
		};
/* End PBXResourcesBuildPhase section */

/* Begin PBXShellScriptBuildPhase section */
		3A66E99F0E17CAC7BB513D08 /* [CP] Check Pods Manifest.lock */ = {
			isa = PBXShellScriptBuildPhase;
			buildActionMask = 2147483647;
			files = (
			);
			inputFileListPaths = (
			);
			inputPaths = (
				"${PODS_PODFILE_DIR_PATH}/Podfile.lock",
				"${PODS_ROOT}/Manifest.lock",
			);
			name = "[CP] Check Pods Manifest.lock";
			outputFileListPaths = (
			);
			outputPaths = (
				"$(DERIVED_FILE_DIR)/Pods-ARTvel-App-checkManifestLockResult.txt",
			);
			runOnlyForDeploymentPostprocessing = 0;
			shellPath = /bin/sh;
			shellScript = "diff \"${PODS_PODFILE_DIR_PATH}/Podfile.lock\" \"${PODS_ROOT}/Manifest.lock\" > /dev/null\nif [ $? != 0 ] ; then\n    # print error to STDERR\n    echo \"error: The sandbox is not in sync with the Podfile.lock. Run 'pod install' or update your CocoaPods installation.\" >&2\n    exit 1\nfi\n# This output is used by Xcode 'outputs' to avoid re-running this script phase.\necho \"SUCCESS\" > \"${SCRIPT_OUTPUT_FILE_0}\"\n";
			showEnvVarsInLog = 0;
		};
		54610C22A180F48796018CD1 /* [CP] Embed Pods Frameworks */ = {
			isa = PBXShellScriptBuildPhase;
			buildActionMask = 2147483647;
			files = (
			);
			inputFileListPaths = (
				"${PODS_ROOT}/Target Support Files/Pods-ARTvel-App/Pods-ARTvel-App-frameworks-${CONFIGURATION}-input-files.xcfilelist",
			);
			name = "[CP] Embed Pods Frameworks";
			outputFileListPaths = (
				"${PODS_ROOT}/Target Support Files/Pods-ARTvel-App/Pods-ARTvel-App-frameworks-${CONFIGURATION}-output-files.xcfilelist",
			);
			runOnlyForDeploymentPostprocessing = 0;
			shellPath = /bin/sh;
			shellScript = "\"${PODS_ROOT}/Target Support Files/Pods-ARTvel-App/Pods-ARTvel-App-frameworks.sh\"\n";
			showEnvVarsInLog = 0;
		};
		715CB49D8FE96923B9A22FDF /* [CP] Check Pods Manifest.lock */ = {
			isa = PBXShellScriptBuildPhase;
			buildActionMask = 2147483647;
			files = (
			);
			inputFileListPaths = (
			);
			inputPaths = (
				"${PODS_PODFILE_DIR_PATH}/Podfile.lock",
				"${PODS_ROOT}/Manifest.lock",
			);
			name = "[CP] Check Pods Manifest.lock";
			outputFileListPaths = (
			);
			outputPaths = (
				"$(DERIVED_FILE_DIR)/Pods-ARTvel-App-ARTvel-AppUITests-checkManifestLockResult.txt",
			);
			runOnlyForDeploymentPostprocessing = 0;
			shellPath = /bin/sh;
			shellScript = "diff \"${PODS_PODFILE_DIR_PATH}/Podfile.lock\" \"${PODS_ROOT}/Manifest.lock\" > /dev/null\nif [ $? != 0 ] ; then\n    # print error to STDERR\n    echo \"error: The sandbox is not in sync with the Podfile.lock. Run 'pod install' or update your CocoaPods installation.\" >&2\n    exit 1\nfi\n# This output is used by Xcode 'outputs' to avoid re-running this script phase.\necho \"SUCCESS\" > \"${SCRIPT_OUTPUT_FILE_0}\"\n";
			showEnvVarsInLog = 0;
		};
		BF51F08844393E1F4EFEEF9F /* [CP] Embed Pods Frameworks */ = {
			isa = PBXShellScriptBuildPhase;
			buildActionMask = 2147483647;
			files = (
			);
			inputFileListPaths = (
				"${PODS_ROOT}/Target Support Files/Pods-ARTvel-App-ARTvel-AppUITests/Pods-ARTvel-App-ARTvel-AppUITests-frameworks-${CONFIGURATION}-input-files.xcfilelist",
			);
			name = "[CP] Embed Pods Frameworks";
			outputFileListPaths = (
				"${PODS_ROOT}/Target Support Files/Pods-ARTvel-App-ARTvel-AppUITests/Pods-ARTvel-App-ARTvel-AppUITests-frameworks-${CONFIGURATION}-output-files.xcfilelist",
			);
			runOnlyForDeploymentPostprocessing = 0;
			shellPath = /bin/sh;
			shellScript = "\"${PODS_ROOT}/Target Support Files/Pods-ARTvel-App-ARTvel-AppUITests/Pods-ARTvel-App-ARTvel-AppUITests-frameworks.sh\"\n";
			showEnvVarsInLog = 0;
		};
		DC3353DD906F7B79F13B744C /* [CP] Check Pods Manifest.lock */ = {
			isa = PBXShellScriptBuildPhase;
			buildActionMask = 2147483647;
			files = (
			);
			inputFileListPaths = (
			);
			inputPaths = (
				"${PODS_PODFILE_DIR_PATH}/Podfile.lock",
				"${PODS_ROOT}/Manifest.lock",
			);
			name = "[CP] Check Pods Manifest.lock";
			outputFileListPaths = (
			);
			outputPaths = (
				"$(DERIVED_FILE_DIR)/Pods-ARTvel-AppTests-checkManifestLockResult.txt",
			);
			runOnlyForDeploymentPostprocessing = 0;
			shellPath = /bin/sh;
			shellScript = "diff \"${PODS_PODFILE_DIR_PATH}/Podfile.lock\" \"${PODS_ROOT}/Manifest.lock\" > /dev/null\nif [ $? != 0 ] ; then\n    # print error to STDERR\n    echo \"error: The sandbox is not in sync with the Podfile.lock. Run 'pod install' or update your CocoaPods installation.\" >&2\n    exit 1\nfi\n# This output is used by Xcode 'outputs' to avoid re-running this script phase.\necho \"SUCCESS\" > \"${SCRIPT_OUTPUT_FILE_0}\"\n";
			showEnvVarsInLog = 0;
		};
/* End PBXShellScriptBuildPhase section */

/* Begin PBXSourcesBuildPhase section */
		3EE1C2F1254A26A100947C19 /* Sources */ = {
			isa = PBXSourcesBuildPhase;
			buildActionMask = 2147483647;
			files = (
				3E3A91B92554B74400C4CFF4 /* DetailRijksViewController.swift in Sources */,
				3EE1C390254A2E6400947C19 /* User.swift in Sources */,
				3EE1C3DB254B2A2A00947C19 /* UserExperienceView.swift in Sources */,
				3EE1C366254A2C4400947C19 /* SearchViewController.swift in Sources */,
				3EE1C3E0254B2A3E00947C19 /* SearchViewRijks.swift in Sources */,
				3EE1C39A254A2E9800947C19 /* AppError.swift in Sources */,
				3EE1C3AE254A2F1800947C19 /* AuthSession.swift in Sources */,
				3EE1C35C254A2BAE00947C19 /* LoginViewController.swift in Sources */,
				3EE1C3E5254B2A5B00947C19 /* RijksCell.swift in Sources */,
				3EE1C376254A2CC300947C19 /* Date+Extensions.swift in Sources */,
				3EE1C3C7254B29E700947C19 /* LoginView.swift in Sources */,
				3EE1C3D6254B2A1600947C19 /* TicketMasterCell.swift in Sources */,
				3EE1C3B3254A2F3000947C19 /* DatabaseService.swift in Sources */,
				3EE1C37B254A2CE100947C19 /* UIViewController+Alerts.swift in Sources */,
				3E3A91872550A2F400C4CFF4 /* AppState.swift in Sources */,
				3EE1C38B254A2E5A00947C19 /* ArtObject.swift in Sources */,
				3E3A9213255B375A00C4CFF4 /* DetailTMViewController.swift in Sources */,
				3EE1C3A4254A2ED600947C19 /* RijksAPIClient.swift in Sources */,
				3E3A92062559748D00C4CFF4 /* DetailTicketMasterView.swift in Sources */,
				3EE1C36B254A2C5F00947C19 /* SettingsViewController.swift in Sources */,
				3EE1C3C2254B29DB00947C19 /* FavoritesView.swift in Sources */,
				3E3A91BE2554B75E00C4CFF4 /* DetailRijksView.swift in Sources */,
				3EE1C39F254A2EAE00947C19 /* NetworkHelper.swift in Sources */,
				3EE1C2F9254A26A100947C19 /* AppDelegate.swift in Sources */,
				3EE1C3CC254B29F600947C19 /* MainTabBarView.swift in Sources */,
				3EE1C3B8254A2F4700947C19 /* StorageService.swift in Sources */,
				3E3A91972551FD8800C4CFF4 /* DataSource.swift in Sources */,
				3EE1C361254A2C2200947C19 /* MainTabBarController.swift in Sources */,
				3E3A920E255A01D200C4CFF4 /* SearchViewTM.swift in Sources */,
				3EE1C357254A2B8800947C19 /* FavoritesViewController.swift in Sources */,
				3EE1C2FB254A26A100947C19 /* SceneDelegate.swift in Sources */,
				3EE1C370254A2C7700947C19 /* UserExperienceViewController.swift in Sources */,
				3EE1C395254A2E7500947C19 /* Event.swift in Sources */,
				3EE1C380254A2CFD00947C19 /* UIViewController+Navigation.swift in Sources */,
				3EE1C3A9254A2EF700947C19 /* TicketMasterAPIClient.swift in Sources */,
				3EE1C3BD254A2F6900947C19 /* Secrets.swift in Sources */,
				3EE1C3D1254B2A0200947C19 /* SettingsView.swift in Sources */,
			);
			runOnlyForDeploymentPostprocessing = 0;
		};
		3EE1C307254A26A300947C19 /* Sources */ = {
			isa = PBXSourcesBuildPhase;
			buildActionMask = 2147483647;
			files = (
				3EE1C310254A26A300947C19 /* ARTvel_AppTests.swift in Sources */,
			);
			runOnlyForDeploymentPostprocessing = 0;
		};
		3EE1C312254A26A300947C19 /* Sources */ = {
			isa = PBXSourcesBuildPhase;
			buildActionMask = 2147483647;
			files = (
				3EE1C31B254A26A300947C19 /* ARTvel_AppUITests.swift in Sources */,
			);
			runOnlyForDeploymentPostprocessing = 0;
		};
/* End PBXSourcesBuildPhase section */

/* Begin PBXTargetDependency section */
		3EE1C30D254A26A300947C19 /* PBXTargetDependency */ = {
			isa = PBXTargetDependency;
			target = 3EE1C2F4254A26A100947C19 /* ARTvel-App */;
			targetProxy = 3EE1C30C254A26A300947C19 /* PBXContainerItemProxy */;
		};
		3EE1C318254A26A300947C19 /* PBXTargetDependency */ = {
			isa = PBXTargetDependency;
			target = 3EE1C2F4254A26A100947C19 /* ARTvel-App */;
			targetProxy = 3EE1C317254A26A300947C19 /* PBXContainerItemProxy */;
		};
/* End PBXTargetDependency section */

/* Begin PBXVariantGroup section */
		3EE1C303254A26A300947C19 /* LaunchScreen.storyboard */ = {
			isa = PBXVariantGroup;
			children = (
				3EE1C304254A26A300947C19 /* Base */,
			);
			name = LaunchScreen.storyboard;
			sourceTree = "<group>";
		};
/* End PBXVariantGroup section */

/* Begin XCBuildConfiguration section */
		3EE1C31D254A26A300947C19 /* Debug */ = {
			isa = XCBuildConfiguration;
			buildSettings = {
				ALWAYS_SEARCH_USER_PATHS = NO;
				CLANG_ANALYZER_NONNULL = YES;
				CLANG_ANALYZER_NUMBER_OBJECT_CONVERSION = YES_AGGRESSIVE;
				CLANG_CXX_LANGUAGE_STANDARD = "gnu++14";
				CLANG_CXX_LIBRARY = "libc++";
				CLANG_ENABLE_MODULES = YES;
				CLANG_ENABLE_OBJC_ARC = YES;
				CLANG_ENABLE_OBJC_WEAK = YES;
				CLANG_WARN_BLOCK_CAPTURE_AUTORELEASING = YES;
				CLANG_WARN_BOOL_CONVERSION = YES;
				CLANG_WARN_COMMA = YES;
				CLANG_WARN_CONSTANT_CONVERSION = YES;
				CLANG_WARN_DEPRECATED_OBJC_IMPLEMENTATIONS = YES;
				CLANG_WARN_DIRECT_OBJC_ISA_USAGE = YES_ERROR;
				CLANG_WARN_DOCUMENTATION_COMMENTS = YES;
				CLANG_WARN_EMPTY_BODY = YES;
				CLANG_WARN_ENUM_CONVERSION = YES;
				CLANG_WARN_INFINITE_RECURSION = YES;
				CLANG_WARN_INT_CONVERSION = YES;
				CLANG_WARN_NON_LITERAL_NULL_CONVERSION = YES;
				CLANG_WARN_OBJC_IMPLICIT_RETAIN_SELF = YES;
				CLANG_WARN_OBJC_LITERAL_CONVERSION = YES;
				CLANG_WARN_OBJC_ROOT_CLASS = YES_ERROR;
				CLANG_WARN_QUOTED_INCLUDE_IN_FRAMEWORK_HEADER = YES;
				CLANG_WARN_RANGE_LOOP_ANALYSIS = YES;
				CLANG_WARN_STRICT_PROTOTYPES = YES;
				CLANG_WARN_SUSPICIOUS_MOVE = YES;
				CLANG_WARN_UNGUARDED_AVAILABILITY = YES_AGGRESSIVE;
				CLANG_WARN_UNREACHABLE_CODE = YES;
				CLANG_WARN__DUPLICATE_METHOD_MATCH = YES;
				COPY_PHASE_STRIP = NO;
				DEBUG_INFORMATION_FORMAT = dwarf;
				ENABLE_STRICT_OBJC_MSGSEND = YES;
				ENABLE_TESTABILITY = YES;
				GCC_C_LANGUAGE_STANDARD = gnu11;
				GCC_DYNAMIC_NO_PIC = NO;
				GCC_NO_COMMON_BLOCKS = YES;
				GCC_OPTIMIZATION_LEVEL = 0;
				GCC_PREPROCESSOR_DEFINITIONS = (
					"DEBUG=1",
					"$(inherited)",
				);
				GCC_WARN_64_TO_32_BIT_CONVERSION = YES;
				GCC_WARN_ABOUT_RETURN_TYPE = YES_ERROR;
				GCC_WARN_UNDECLARED_SELECTOR = YES;
				GCC_WARN_UNINITIALIZED_AUTOS = YES_AGGRESSIVE;
				GCC_WARN_UNUSED_FUNCTION = YES;
				GCC_WARN_UNUSED_VARIABLE = YES;
				IPHONEOS_DEPLOYMENT_TARGET = 14.1;
				MTL_ENABLE_DEBUG_INFO = INCLUDE_SOURCE;
				MTL_FAST_MATH = YES;
				ONLY_ACTIVE_ARCH = YES;
				SDKROOT = iphoneos;
				SWIFT_ACTIVE_COMPILATION_CONDITIONS = DEBUG;
				SWIFT_OPTIMIZATION_LEVEL = "-Onone";
			};
			name = Debug;
		};
		3EE1C31E254A26A300947C19 /* Release */ = {
			isa = XCBuildConfiguration;
			buildSettings = {
				ALWAYS_SEARCH_USER_PATHS = NO;
				CLANG_ANALYZER_NONNULL = YES;
				CLANG_ANALYZER_NUMBER_OBJECT_CONVERSION = YES_AGGRESSIVE;
				CLANG_CXX_LANGUAGE_STANDARD = "gnu++14";
				CLANG_CXX_LIBRARY = "libc++";
				CLANG_ENABLE_MODULES = YES;
				CLANG_ENABLE_OBJC_ARC = YES;
				CLANG_ENABLE_OBJC_WEAK = YES;
				CLANG_WARN_BLOCK_CAPTURE_AUTORELEASING = YES;
				CLANG_WARN_BOOL_CONVERSION = YES;
				CLANG_WARN_COMMA = YES;
				CLANG_WARN_CONSTANT_CONVERSION = YES;
				CLANG_WARN_DEPRECATED_OBJC_IMPLEMENTATIONS = YES;
				CLANG_WARN_DIRECT_OBJC_ISA_USAGE = YES_ERROR;
				CLANG_WARN_DOCUMENTATION_COMMENTS = YES;
				CLANG_WARN_EMPTY_BODY = YES;
				CLANG_WARN_ENUM_CONVERSION = YES;
				CLANG_WARN_INFINITE_RECURSION = YES;
				CLANG_WARN_INT_CONVERSION = YES;
				CLANG_WARN_NON_LITERAL_NULL_CONVERSION = YES;
				CLANG_WARN_OBJC_IMPLICIT_RETAIN_SELF = YES;
				CLANG_WARN_OBJC_LITERAL_CONVERSION = YES;
				CLANG_WARN_OBJC_ROOT_CLASS = YES_ERROR;
				CLANG_WARN_QUOTED_INCLUDE_IN_FRAMEWORK_HEADER = YES;
				CLANG_WARN_RANGE_LOOP_ANALYSIS = YES;
				CLANG_WARN_STRICT_PROTOTYPES = YES;
				CLANG_WARN_SUSPICIOUS_MOVE = YES;
				CLANG_WARN_UNGUARDED_AVAILABILITY = YES_AGGRESSIVE;
				CLANG_WARN_UNREACHABLE_CODE = YES;
				CLANG_WARN__DUPLICATE_METHOD_MATCH = YES;
				COPY_PHASE_STRIP = NO;
				DEBUG_INFORMATION_FORMAT = "dwarf-with-dsym";
				ENABLE_NS_ASSERTIONS = NO;
				ENABLE_STRICT_OBJC_MSGSEND = YES;
				GCC_C_LANGUAGE_STANDARD = gnu11;
				GCC_NO_COMMON_BLOCKS = YES;
				GCC_WARN_64_TO_32_BIT_CONVERSION = YES;
				GCC_WARN_ABOUT_RETURN_TYPE = YES_ERROR;
				GCC_WARN_UNDECLARED_SELECTOR = YES;
				GCC_WARN_UNINITIALIZED_AUTOS = YES_AGGRESSIVE;
				GCC_WARN_UNUSED_FUNCTION = YES;
				GCC_WARN_UNUSED_VARIABLE = YES;
				IPHONEOS_DEPLOYMENT_TARGET = 14.1;
				MTL_ENABLE_DEBUG_INFO = NO;
				MTL_FAST_MATH = YES;
				SDKROOT = iphoneos;
				SWIFT_COMPILATION_MODE = wholemodule;
				SWIFT_OPTIMIZATION_LEVEL = "-O";
				VALIDATE_PRODUCT = YES;
			};
			name = Release;
		};
		3EE1C320254A26A300947C19 /* Debug */ = {
			isa = XCBuildConfiguration;
			baseConfigurationReference = 8746309405EA317F4A017523 /* Pods-ARTvel-App.debug.xcconfig */;
			buildSettings = {
				ASSETCATALOG_COMPILER_APPICON_NAME = AppIcon;
				ASSETCATALOG_COMPILER_GLOBAL_ACCENT_COLOR_NAME = AccentColor;
				CODE_SIGN_STYLE = Automatic;
				DEVELOPMENT_TEAM = 6UA5RNM528;
				INFOPLIST_FILE = "ARTvel-App/Info.plist";
				LD_RUNPATH_SEARCH_PATHS = (
					"$(inherited)",
					"@executable_path/Frameworks",
				);
				PRODUCT_BUNDLE_IDENTIFIER = "org.pursuit.ARTvel-App";
				PRODUCT_NAME = "$(TARGET_NAME)";
				SWIFT_VERSION = 5.0;
				TARGETED_DEVICE_FAMILY = "1,2";
			};
			name = Debug;
		};
		3EE1C321254A26A300947C19 /* Release */ = {
			isa = XCBuildConfiguration;
			baseConfigurationReference = 2A0FC0C09E83996AFC6A3182 /* Pods-ARTvel-App.release.xcconfig */;
			buildSettings = {
				ASSETCATALOG_COMPILER_APPICON_NAME = AppIcon;
				ASSETCATALOG_COMPILER_GLOBAL_ACCENT_COLOR_NAME = AccentColor;
				CODE_SIGN_STYLE = Automatic;
				DEVELOPMENT_TEAM = 6UA5RNM528;
				INFOPLIST_FILE = "ARTvel-App/Info.plist";
				LD_RUNPATH_SEARCH_PATHS = (
					"$(inherited)",
					"@executable_path/Frameworks",
				);
				PRODUCT_BUNDLE_IDENTIFIER = "org.pursuit.ARTvel-App";
				PRODUCT_NAME = "$(TARGET_NAME)";
				SWIFT_VERSION = 5.0;
				TARGETED_DEVICE_FAMILY = "1,2";
			};
			name = Release;
		};
		3EE1C323254A26A300947C19 /* Debug */ = {
			isa = XCBuildConfiguration;
			baseConfigurationReference = 8C53B4F6BBB9590EB4646F34 /* Pods-ARTvel-AppTests.debug.xcconfig */;
			buildSettings = {
				ALWAYS_EMBED_SWIFT_STANDARD_LIBRARIES = YES;
				BUNDLE_LOADER = "$(TEST_HOST)";
				CODE_SIGN_STYLE = Automatic;
				DEVELOPMENT_TEAM = 6UA5RNM528;
				INFOPLIST_FILE = "ARTvel-AppTests/Info.plist";
				IPHONEOS_DEPLOYMENT_TARGET = 14.1;
				LD_RUNPATH_SEARCH_PATHS = (
					"$(inherited)",
					"@executable_path/Frameworks",
					"@loader_path/Frameworks",
				);
				PRODUCT_BUNDLE_IDENTIFIER = "org.pursuit.ARTvel-AppTests";
				PRODUCT_NAME = "$(TARGET_NAME)";
				SWIFT_VERSION = 5.0;
				TARGETED_DEVICE_FAMILY = "1,2";
				TEST_HOST = "$(BUILT_PRODUCTS_DIR)/ARTvel-App.app/ARTvel-App";
			};
			name = Debug;
		};
		3EE1C324254A26A300947C19 /* Release */ = {
			isa = XCBuildConfiguration;
			baseConfigurationReference = 01B25B1566323499A71F01F1 /* Pods-ARTvel-AppTests.release.xcconfig */;
			buildSettings = {
				ALWAYS_EMBED_SWIFT_STANDARD_LIBRARIES = YES;
				BUNDLE_LOADER = "$(TEST_HOST)";
				CODE_SIGN_STYLE = Automatic;
				DEVELOPMENT_TEAM = 6UA5RNM528;
				INFOPLIST_FILE = "ARTvel-AppTests/Info.plist";
				IPHONEOS_DEPLOYMENT_TARGET = 14.1;
				LD_RUNPATH_SEARCH_PATHS = (
					"$(inherited)",
					"@executable_path/Frameworks",
					"@loader_path/Frameworks",
				);
				PRODUCT_BUNDLE_IDENTIFIER = "org.pursuit.ARTvel-AppTests";
				PRODUCT_NAME = "$(TARGET_NAME)";
				SWIFT_VERSION = 5.0;
				TARGETED_DEVICE_FAMILY = "1,2";
				TEST_HOST = "$(BUILT_PRODUCTS_DIR)/ARTvel-App.app/ARTvel-App";
			};
			name = Release;
		};
		3EE1C326254A26A300947C19 /* Debug */ = {
			isa = XCBuildConfiguration;
			baseConfigurationReference = BE3C5B0C5D6833C7D559F50C /* Pods-ARTvel-App-ARTvel-AppUITests.debug.xcconfig */;
			buildSettings = {
				ALWAYS_EMBED_SWIFT_STANDARD_LIBRARIES = YES;
				CODE_SIGN_STYLE = Automatic;
				DEVELOPMENT_TEAM = 6UA5RNM528;
				INFOPLIST_FILE = "ARTvel-AppUITests/Info.plist";
				LD_RUNPATH_SEARCH_PATHS = (
					"$(inherited)",
					"@executable_path/Frameworks",
					"@loader_path/Frameworks",
				);
				PRODUCT_BUNDLE_IDENTIFIER = "org.pursuit.ARTvel-AppUITests";
				PRODUCT_NAME = "$(TARGET_NAME)";
				SWIFT_VERSION = 5.0;
				TARGETED_DEVICE_FAMILY = "1,2";
				TEST_TARGET_NAME = "ARTvel-App";
			};
			name = Debug;
		};
		3EE1C327254A26A300947C19 /* Release */ = {
			isa = XCBuildConfiguration;
			baseConfigurationReference = 9012EE7483F1E44FC495FB0E /* Pods-ARTvel-App-ARTvel-AppUITests.release.xcconfig */;
			buildSettings = {
				ALWAYS_EMBED_SWIFT_STANDARD_LIBRARIES = YES;
				CODE_SIGN_STYLE = Automatic;
				DEVELOPMENT_TEAM = 6UA5RNM528;
				INFOPLIST_FILE = "ARTvel-AppUITests/Info.plist";
				LD_RUNPATH_SEARCH_PATHS = (
					"$(inherited)",
					"@executable_path/Frameworks",
					"@loader_path/Frameworks",
				);
				PRODUCT_BUNDLE_IDENTIFIER = "org.pursuit.ARTvel-AppUITests";
				PRODUCT_NAME = "$(TARGET_NAME)";
				SWIFT_VERSION = 5.0;
				TARGETED_DEVICE_FAMILY = "1,2";
				TEST_TARGET_NAME = "ARTvel-App";
			};
			name = Release;
		};
/* End XCBuildConfiguration section */

/* Begin XCConfigurationList section */
		3EE1C2F0254A26A100947C19 /* Build configuration list for PBXProject "ARTvel-App" */ = {
			isa = XCConfigurationList;
			buildConfigurations = (
				3EE1C31D254A26A300947C19 /* Debug */,
				3EE1C31E254A26A300947C19 /* Release */,
			);
			defaultConfigurationIsVisible = 0;
			defaultConfigurationName = Release;
		};
		3EE1C31F254A26A300947C19 /* Build configuration list for PBXNativeTarget "ARTvel-App" */ = {
			isa = XCConfigurationList;
			buildConfigurations = (
				3EE1C320254A26A300947C19 /* Debug */,
				3EE1C321254A26A300947C19 /* Release */,
			);
			defaultConfigurationIsVisible = 0;
			defaultConfigurationName = Release;
		};
		3EE1C322254A26A300947C19 /* Build configuration list for PBXNativeTarget "ARTvel-AppTests" */ = {
			isa = XCConfigurationList;
			buildConfigurations = (
				3EE1C323254A26A300947C19 /* Debug */,
				3EE1C324254A26A300947C19 /* Release */,
			);
			defaultConfigurationIsVisible = 0;
			defaultConfigurationName = Release;
		};
		3EE1C325254A26A300947C19 /* Build configuration list for PBXNativeTarget "ARTvel-AppUITests" */ = {
			isa = XCConfigurationList;
			buildConfigurations = (
				3EE1C326254A26A300947C19 /* Debug */,
				3EE1C327254A26A300947C19 /* Release */,
			);
			defaultConfigurationIsVisible = 0;
			defaultConfigurationName = Release;
		};
/* End XCConfigurationList section */
	};
	rootObject = 3EE1C2ED254A26A100947C19 /* Project object */;
}
